PODS:
  - AFNetworking (4.0.1):
    - AFNetworking/NSURLSession (= 4.0.1)
    - AFNetworking/Reachability (= 4.0.1)
    - AFNetworking/Security (= 4.0.1)
    - AFNetworking/Serialization (= 4.0.1)
    - AFNetworking/UIKit (= 4.0.1)
  - AFNetworking/NSURLSession (4.0.1):
    - AFNetworking/Reachability
    - AFNetworking/Security
    - AFNetworking/Serialization
  - AFNetworking/Reachability (4.0.1)
  - AFNetworking/Security (4.0.1)
  - AFNetworking/Serialization (4.0.1)
  - AFNetworking/UIKit (4.0.1):
    - AFNetworking/NSURLSession
  - GoogleMaps (7.4.0):
    - GoogleMaps/Maps (= 7.4.0)
  - GoogleMaps/Base (7.4.0)
  - GoogleMaps/Maps (7.4.0):
    - GoogleMaps/Base
  - HXPhotoPicker (5.0.5):
    - HXPhotoPicker/Default (= 5.0.5)
  - HXPhotoPicker/Camera (5.0.5):
    - HXPhotoPicker/Camera/Lite (= 5.0.5)
    - HXPhotoPicker/Camera/Location (= 5.0.5)
  - HXPhotoPicker/Camera/Lite (5.0.5):
    - HXPhotoPicker/Core
  - HXPhotoPicker/Camera/Location (5.0.5):
    - HXPhotoPicker/Camera/Lite
  - HXPhotoPicker/Core (5.0.5):
    - HXPhotoPicker/Resources
  - HXPhotoPicker/Default (5.0.5):
    - HXPhotoPicker/Camera
    - HXPhotoPicker/Editor
    - HXPhotoPicker/Picker
  - HXPhotoPicker/Editor (5.0.5):
    - HXPhotoPicker/EditorView
  - HXPhotoPicker/EditorView (5.0.5):
    - HXPhotoPicker/Core
  - HXPhotoPicker/Picker (5.0.5):
    - HXPhotoPicker/Core
  - HXPhotoPicker/Resources (5.0.5)
  - IQKeyboardManager (6.5.19)
  - KVOController (1.2.0)
  - lottie-ios_Oc (0.0.1)
  - Masonry (1.1.0)
  - MDRadialProgress (1.3.2)
  - MMSCameraViewController (1.4.0)
  - RecaptchaEnterprise (18.9.0-beta02):
    - RecaptchaEnterpriseSDK (= 18.9.0-beta02)
    - RecaptchaInterop (~> 101.0.0)
  - RecaptchaEnterpriseSDK (18.9.0-beta02)
  - RecaptchaInterop (101.0.0)
  - SDWebImage (5.21.7):
    - SDWebImage/Core (= 5.21.7)
  - SDWebImage/Core (5.21.7)
  - SSZipArchive (2.4.3)
  - TOCropViewController (3.1.1)
  - TZImagePickerController (3.8.12):
    - TZImagePickerController/Basic (= 3.8.12)
    - TZImagePickerController/Location (= 3.8.12)
  - TZImagePickerController/Basic (3.8.12)
  - TZImagePickerController/Location (3.8.12)
  - WJFrameLayout (0.4.1)

DEPENDENCIES:
  - AFNetworking (~> 4.0)
  - GoogleMaps
  - HXPhotoPicker (from `../HXPhotoPicker-master`)
  - IQKeyboardManager
  - KVOController (= 1.2.0)
  - lottie-ios_Oc
  - Masonry
  - MDRadialProgress
  - MMSCameraViewController (~> 1.4.0)
  - RecaptchaEnterprise (= 18.9.0-beta02)
  - SDWebImage (~> 5.0)
  - SSZipArchive
  - TOCropViewController
  - TZImagePickerController
  - WJFrameLayout

SPEC REPOS:
  trunk:
    - AFNetworking
    - GoogleMaps
    - IQKeyboardManager
    - KVOController
    - lottie-ios_Oc
    - Masonry
    - MDRadialProgress
    - MMSCameraViewController
    - RecaptchaEnterprise
    - RecaptchaEnterpriseSDK
    - RecaptchaInterop
    - SDWebImage
    - SSZipArchive
    - TOCropViewController
    - TZImagePickerController
    - WJFrameLayout

EXTERNAL SOURCES:
  HXPhotoPicker:
    :path: "../HXPhotoPicker-master"

SPEC CHECKSUMS:
  AFNetworking: 3bd23d814e976cd148d7d44c3ab78017b744cd58
  GoogleMaps: 032f676450ba0779bd8ce16840690915f84e57ac
  HXPhotoPicker: 8ba0eaba72726425b4b070bfa497e1fbe2bc05b0
  IQKeyboardManager: c8665b3396bd0b79402b4c573eac345a31c7d485
  KVOController: d72ace34afea42468329623b3379ab3cd1d286b6
  lottie-ios_Oc: 246311aa2a6106fe03cb34e3e30f8daf7e1e7d9a
  Masonry: 678fab65091a9290e40e2832a55e7ab731aad201
  MDRadialProgress: 1068574b9b4b870f64b605b07f734385bde5104d
  MMSCameraViewController: 2f854543eeba7c0f9824249bda47732d8fd51968
  RecaptchaEnterprise: c01fea5e9307ddfa15993017ea0acd8448aa5040
  RecaptchaEnterpriseSDK: 621187a39cf845b83cdf1c9f21d60bf89cdb5e76
  RecaptchaInterop: 11e0b637842dfb48308d242afc3f448062325aba
  SDWebImage: e9fc87c1aab89a8ab1bbd74eba378c6f53be8abf
  SSZipArchive: fe6a26b2a54d5a0890f2567b5cc6de5caa600aef
  TOCropViewController: 9002a9b12d8104d7478cdc306d80f0efea7fe2c5
  TZImagePickerController: 3751b9b850d00802e9f4f7bd8e1365ee5c4f0990
  WJFrameLayout: ea2bf40ad2795931efb3f116d69d238faf64cd0f

PODFILE CHECKSUM: 4ec551f1bc82c285d67f4bdc84f4c9cc42b43d75

COCOAPODS: 1.16.2
